
Microsoft Visual Studio Solution File, Format Version 12.00
# Visual Studio Version 17
VisualStudioVersion = 17.4.33205.214
MinimumVisualStudioVersion = 10.0.40219.1
Project("{9A19103F-16F7-4668-BE54-9A1E7A4F7556}") = "NLayerApp.NET", "NLayerApp.NET\NLayerApp.NET.csproj", "{CC9F5E00-549A-4E67-9365-368BEB94F9C0}"
EndProject
Project("{9A19103F-16F7-4668-BE54-9A1E7A4F7556}") = "NLayerApp.DAL", "NLayerApp.DAL\NLayerApp.DAL.csproj", "{F52314CF-2D34-4F1E-A636-6C5EA3330506}"
EndProject
Project("{9A19103F-16F7-4668-BE54-9A1E7A4F7556}") = "NLayerApp.BLL", "NLayerApp.BLL\NLayerApp.BLL.csproj", "{056AFD93-458D-4C4D-913C-2E23953CE727}"
EndProject
Project("{9A19103F-16F7-4668-BE54-9A1E7A4F7556}") = "NLayerApp.WPF", "NLayerApp.WPF\NLayerApp.WPF.csproj", "{BFF08277-C0F9-4260-BDC6-180710DBC7A9}"
EndProject
Project("{FAE04EC0-301F-11D3-BF4B-00C04F79EFBC}") = "NLayerApp.API", "NLayerApp.API\NLayerApp.API.csproj", "{4E72FFCE-9EEC-437F-8576-E5E467EA73F0}"
EndProject
Global
	GlobalSection(SolutionConfigurationPlatforms) = preSolution
		Debug|Any CPU = Debug|Any CPU
		Release|Any CPU = Release|Any CPU
	EndGlobalSection
	GlobalSection(ProjectConfigurationPlatforms) = postSolution
		{CC9F5E00-549A-4E67-9365-368BEB94F9C0}.Debug|Any CPU.ActiveCfg = Debug|Any CPU
		{CC9F5E00-549A-4E67-9365-368BEB94F9C0}.Debug|Any CPU.Build.0 = Debug|Any CPU
		{CC9F5E00-549A-4E67-9365-368BEB94F9C0}.Release|Any CPU.ActiveCfg = Release|Any CPU
		{CC9F5E00-549A-4E67-9365-368BEB94F9C0}.Release|Any CPU.Build.0 = Release|Any CPU
		{F52314CF-2D34-4F1E-A636-6C5EA3330506}.Debug|Any CPU.ActiveCfg = Debug|Any CPU
		{F52314CF-2D34-4F1E-A636-6C5EA3330506}.Debug|Any CPU.Build.0 = Debug|Any CPU
		{F52314CF-2D34-4F1E-A636-6C5EA3330506}.Release|Any CPU.ActiveCfg = Release|Any CPU
		{F52314CF-2D34-4F1E-A636-6C5EA3330506}.Release|Any CPU.Build.0 = Release|Any CPU
		{056AFD93-458D-4C4D-913C-2E23953CE727}.Debug|Any CPU.ActiveCfg = Debug|Any CPU
		{056AFD93-458D-4C4D-913C-2E23953CE727}.Debug|Any CPU.Build.0 = Debug|Any CPU
		{056AFD93-458D-4C4D-913C-2E23953CE727}.Release|Any CPU.ActiveCfg = Release|Any CPU
		{056AFD93-458D-4C4D-913C-2E23953CE727}.Release|Any CPU.Build.0 = Release|Any CPU
		{BFF08277-C0F9-4260-BDC6-180710DBC7A9}.Debug|Any CPU.ActiveCfg = Debug|Any CPU
		{BFF08277-C0F9-4260-BDC6-180710DBC7A9}.Debug|Any CPU.Build.0 = Debug|Any CPU
		{BFF08277-C0F9-4260-BDC6-180710DBC7A9}.Release|Any CPU.ActiveCfg = Release|Any CPU
		{BFF08277-C0F9-4260-BDC6-180710DBC7A9}.Release|Any CPU.Build.0 = Release|Any CPU
		{4E72FFCE-9EEC-437F-8576-E5E467EA73F0}.Debug|Any CPU.ActiveCfg = Debug|Any CPU
		{4E72FFCE-9EEC-437F-8576-E5E467EA73F0}.Debug|Any CPU.Build.0 = Debug|Any CPU
		{4E72FFCE-9EEC-437F-8576-E5E467EA73F0}.Release|Any CPU.ActiveCfg = Release|Any CPU
		{4E72FFCE-9EEC-437F-8576-E5E467EA73F0}.Release|Any CPU.Build.0 = Release|Any CPU
	EndGlobalSection
	GlobalSection(SolutionProperties) = preSolution
		HideSolutionNode = FALSE
	EndGlobalSection
	GlobalSection(ExtensibilityGlobals) = postSolution
		SolutionGuid = {4BCB478E-C387-4167-88C2-C68D6357EB52}
	EndGlobalSection
EndGlobal
